
Microsoft Visual Studio Solution File, Format Version 12.00
Project("{FAE04EC0-301F-11D3-BF4B-00C04F79EFBC}") = "NewsPortal.Api", "NewsPortal.Api\NewsPortal.Api.csproj", "{8BE95213-C677-4FEB-9B43-34B2EF50826B}"
EndProject
Project("{2150E333-8FDC-42A3-9474-1A3956D46DE8}") = "Src", "Src", "{EC79746B-F1AB-46EE-ABBE-AA48F27F694A}"
EndProject
Project("{2150E333-8FDC-42A3-9474-1A3956D46DE8}") = "1 Api", "1 Api", "{22F08937-ADB7-47FD-959C-E6E756C73FBE}"
EndProject
Project("{2150E333-8FDC-42A3-9474-1A3956D46DE8}") = "2 Domain", "2 Domain", "{36E4EE70-62F7-4450-8A28-964996492B14}"
EndProject
Project("{FAE04EC0-301F-11D3-BF4B-00C04F79EFBC}") = "NewsPortal.Domain", "NewsPortal.Domain\NewsPortal.Domain.csproj", "{BCB7919B-E7FE-4E7E-BD0E-ABF2E74FA751}"
EndProject
Project("{2150E333-8FDC-42A3-9474-1A3956D46DE8}") = "3 Infrastructure", "3 Infrastructure", "{19C18828-4772-41A9-81B0-D03DD4F71F77}"
EndProject
Project("{FAE04EC0-301F-11D3-BF4B-00C04F79EFBC}") = "NewsPortal.Infrastructure", "NewsPortal.Infrastructure\NewsPortal.Infrastructure.csproj", "{AC345B41-1286-41EC-80B5-2B2D72F94B1C}"
EndProject
Project("{2150E333-8FDC-42A3-9474-1A3956D46DE8}") = "4 Application", "4 Application", "{EC0ACAE3-F2D0-4D67-810B-4409FF35B48F}"
EndProject
Project("{FAE04EC0-301F-11D3-BF4B-00C04F79EFBC}") = "NewsPortal.Application", "NewsPortal.Application\NewsPortal.Application.csproj", "{D82001A1-A1CD-45C2-984F-2F7D7933C3F6}"
EndProject
Global
	GlobalSection(SolutionConfigurationPlatforms) = preSolution
		Debug|Any CPU = Debug|Any CPU
		Release|Any CPU = Release|Any CPU
	EndGlobalSection
	GlobalSection(ProjectConfigurationPlatforms) = postSolution
		{8BE95213-C677-4FEB-9B43-34B2EF50826B}.Debug|Any CPU.ActiveCfg = Debug|Any CPU
		{8BE95213-C677-4FEB-9B43-34B2EF50826B}.Debug|Any CPU.Build.0 = Debug|Any CPU
		{8BE95213-C677-4FEB-9B43-34B2EF50826B}.Release|Any CPU.ActiveCfg = Release|Any CPU
		{8BE95213-C677-4FEB-9B43-34B2EF50826B}.Release|Any CPU.Build.0 = Release|Any CPU
		{BCB7919B-E7FE-4E7E-BD0E-ABF2E74FA751}.Debug|Any CPU.ActiveCfg = Debug|Any CPU
		{BCB7919B-E7FE-4E7E-BD0E-ABF2E74FA751}.Debug|Any CPU.Build.0 = Debug|Any CPU
		{BCB7919B-E7FE-4E7E-BD0E-ABF2E74FA751}.Release|Any CPU.ActiveCfg = Release|Any CPU
		{BCB7919B-E7FE-4E7E-BD0E-ABF2E74FA751}.Release|Any CPU.Build.0 = Release|Any CPU
		{AC345B41-1286-41EC-80B5-2B2D72F94B1C}.Debug|Any CPU.ActiveCfg = Debug|Any CPU
		{AC345B41-1286-41EC-80B5-2B2D72F94B1C}.Debug|Any CPU.Build.0 = Debug|Any CPU
		{AC345B41-1286-41EC-80B5-2B2D72F94B1C}.Release|Any CPU.ActiveCfg = Release|Any CPU
		{AC345B41-1286-41EC-80B5-2B2D72F94B1C}.Release|Any CPU.Build.0 = Release|Any CPU
		{D82001A1-A1CD-45C2-984F-2F7D7933C3F6}.Debug|Any CPU.ActiveCfg = Debug|Any CPU
		{D82001A1-A1CD-45C2-984F-2F7D7933C3F6}.Debug|Any CPU.Build.0 = Debug|Any CPU
		{D82001A1-A1CD-45C2-984F-2F7D7933C3F6}.Release|Any CPU.ActiveCfg = Release|Any CPU
		{D82001A1-A1CD-45C2-984F-2F7D7933C3F6}.Release|Any CPU.Build.0 = Release|Any CPU
	EndGlobalSection
	GlobalSection(NestedProjects) = preSolution
		{22F08937-ADB7-47FD-959C-E6E756C73FBE} = {EC79746B-F1AB-46EE-ABBE-AA48F27F694A}
		{8BE95213-C677-4FEB-9B43-34B2EF50826B} = {22F08937-ADB7-47FD-959C-E6E756C73FBE}
		{36E4EE70-62F7-4450-8A28-964996492B14} = {EC79746B-F1AB-46EE-ABBE-AA48F27F694A}
		{BCB7919B-E7FE-4E7E-BD0E-ABF2E74FA751} = {36E4EE70-62F7-4450-8A28-964996492B14}
		{19C18828-4772-41A9-81B0-D03DD4F71F77} = {EC79746B-F1AB-46EE-ABBE-AA48F27F694A}
		{AC345B41-1286-41EC-80B5-2B2D72F94B1C} = {19C18828-4772-41A9-81B0-D03DD4F71F77}
		{EC0ACAE3-F2D0-4D67-810B-4409FF35B48F} = {EC79746B-F1AB-46EE-ABBE-AA48F27F694A}
		{D82001A1-A1CD-45C2-984F-2F7D7933C3F6} = {EC0ACAE3-F2D0-4D67-810B-4409FF35B48F}
	EndGlobalSection
EndGlobal
